// !$*UTF8*$!
{
	archiveVersion = 1;
	classes = {
	};
	objectVersion = 46;
	objects = {

/* Begin PBXBuildFile section */
		181166691E6E9FEA00A54AAA /* main.m in Sources */ = {isa = PBXBuildFile; fileRef = 181166681E6E9FEA00A54AAA /* main.m */; };
		1811666C1E6E9FEA00A54AAA /* AppDelegate.m in Sources */ = {isa = PBXBuildFile; fileRef = 1811666B1E6E9FEA00A54AAA /* AppDelegate.m */; };
		1811666F1E6E9FEA00A54AAA /* ViewController.m in Sources */ = {isa = PBXBuildFile; fileRef = 1811666E1E6E9FEA00A54AAA /* ViewController.m */; };
		181166721E6E9FEA00A54AAA /* Main.storyboard in Resources */ = {isa = PBXBuildFile; fileRef = 181166701E6E9FEA00A54AAA /* Main.storyboard */; };
		181166741E6E9FEA00A54AAA /* Assets.xcassets in Resources */ = {isa = PBXBuildFile; fileRef = 181166731E6E9FEA00A54AAA /* Assets.xcassets */; };
		181166771E6E9FEA00A54AAA /* LaunchScreen.storyboard in Resources */ = {isa = PBXBuildFile; fileRef = 181166751E6E9FEA00A54AAA /* LaunchScreen.storyboard */; };
		181166801E6EA02D00A54AAA /* PBSwipeController.m in Sources */ = {isa = PBXBuildFile; fileRef = 1811667F1E6EA02D00A54AAA /* PBSwipeController.m */; };
		181166841E6EA06D00A54AAA /* ChildViewController.m in Sources */ = {isa = PBXBuildFile; fileRef = 181166821E6EA06D00A54AAA /* ChildViewController.m */; };
		181166851E6EA06D00A54AAA /* ChildViewController.xib in Resources */ = {isa = PBXBuildFile; fileRef = 181166831E6EA06D00A54AAA /* ChildViewController.xib */; };
/* End PBXBuildFile section */

/* Begin PBXFileReference section */
		181166641E6E9FEA00A54AAA /* PBSwipeController.app */ = {isa = PBXFileReference; explicitFileType = wrapper.application; includeInIndex = 0; path = PBSwipeController.app; sourceTree = BUILT_PRODUCTS_DIR; };
		181166681E6E9FEA00A54AAA /* main.m */ = {isa = PBXFileReference; lastKnownFileType = sourcecode.c.objc; path = main.m; sourceTree = "<group>"; };
		1811666A1E6E9FEA00A54AAA /* AppDelegate.h */ = {isa = PBXFileReference; lastKnownFileType = sourcecode.c.h; path = AppDelegate.h; sourceTree = "<group>"; };
		1811666B1E6E9FEA00A54AAA /* AppDelegate.m */ = {isa = PBXFileReference; lastKnownFileType = sourcecode.c.objc; path = AppDelegate.m; sourceTree = "<group>"; };
		1811666D1E6E9FEA00A54AAA /* ViewController.h */ = {isa = PBXFileReference; lastKnownFileType = sourcecode.c.h; path = ViewController.h; sourceTree = "<group>"; };
		1811666E1E6E9FEA00A54AAA /* ViewController.m */ = {isa = PBXFileReference; lastKnownFileType = sourcecode.c.objc; path = ViewController.m; sourceTree = "<group>"; };
		181166711E6E9FEA00A54AAA /* Base */ = {isa = PBXFileReference; lastKnownFileType = file.storyboard; name = Base; path = Base.lproj/Main.storyboard; sourceTree = "<group>"; };
		181166731E6E9FEA00A54AAA /* Assets.xcassets */ = {isa = PBXFileReference; lastKnownFileType = folder.assetcatalog; path = Assets.xcassets; sourceTree = "<group>"; };
		181166761E6E9FEA00A54AAA /* Base */ = {isa = PBXFileReference; lastKnownFileType = file.storyboard; name = Base; path = Base.lproj/LaunchScreen.storyboard; sourceTree = "<group>"; };
		181166781E6E9FEB00A54AAA /* Info.plist */ = {isa = PBXFileReference; lastKnownFileType = text.plist.xml; path = Info.plist; sourceTree = "<group>"; };
		1811667E1E6EA02D00A54AAA /* PBSwipeController.h */ = {isa = PBXFileReference; fileEncoding = 4; lastKnownFileType = sourcecode.c.h; path = PBSwipeController.h; sourceTree = "<group>"; };
		1811667F1E6EA02D00A54AAA /* PBSwipeController.m */ = {isa = PBXFileReference; fileEncoding = 4; lastKnownFileType = sourcecode.c.objc; path = PBSwipeController.m; sourceTree = "<group>"; };
		181166811E6EA06D00A54AAA /* ChildViewController.h */ = {isa = PBXFileReference; fileEncoding = 4; lastKnownFileType = sourcecode.c.h; path = ChildViewController.h; sourceTree = "<group>"; };
		181166821E6EA06D00A54AAA /* ChildViewController.m */ = {isa = PBXFileReference; fileEncoding = 4; lastKnownFileType = sourcecode.c.objc; path = ChildViewController.m; sourceTree = "<group>"; };
		181166831E6EA06D00A54AAA /* ChildViewController.xib */ = {isa = PBXFileReference; fileEncoding = 4; lastKnownFileType = file.xib; path = ChildViewController.xib; sourceTree = "<group>"; };
/* End PBXFileReference section */

/* Begin PBXFrameworksBuildPhase section */
		181166611E6E9FEA00A54AAA /* Frameworks */ = {
			isa = PBXFrameworksBuildPhase;
			buildActionMask = 2147483647;
			files = (
			);
			runOnlyForDeploymentPostprocessing = 0;
		};
/* End PBXFrameworksBuildPhase section */

/* Begin PBXGroup section */
		1811665B1E6E9FEA00A54AAA = {
			isa = PBXGroup;
			children = (
				181166661E6E9FEA00A54AAA /* PBSwipeController */,
				181166651E6E9FEA00A54AAA /* Products */,
			);
			sourceTree = "<group>";
		};
		181166651E6E9FEA00A54AAA /* Products */ = {
			isa = PBXGroup;
			children = (
				181166641E6E9FEA00A54AAA /* PBSwipeController.app */,
			);
			name = Products;
			sourceTree = "<group>";
		};
		181166661E6E9FEA00A54AAA /* PBSwipeController */ = {
			isa = PBXGroup;
			children = (
				1811666A1E6E9FEA00A54AAA /* AppDelegate.h */,
				1811666B1E6E9FEA00A54AAA /* AppDelegate.m */,
				1811666D1E6E9FEA00A54AAA /* ViewController.h */,
				1811666E1E6E9FEA00A54AAA /* ViewController.m */,
				181166701E6E9FEA00A54AAA /* Main.storyboard */,
				181166731E6E9FEA00A54AAA /* Assets.xcassets */,
				181166751E6E9FEA00A54AAA /* LaunchScreen.storyboard */,
				181166781E6E9FEB00A54AAA /* Info.plist */,
				181166671E6E9FEA00A54AAA /* Supporting Files */,
				1811667E1E6EA02D00A54AAA /* PBSwipeController.h */,
				1811667F1E6EA02D00A54AAA /* PBSwipeController.m */,
				181166811E6EA06D00A54AAA /* ChildViewController.h */,
				181166821E6EA06D00A54AAA /* ChildViewController.m */,
				181166831E6EA06D00A54AAA /* ChildViewController.xib */,
			);
			path = PBSwipeController;
			sourceTree = "<group>";
		};
		181166671E6E9FEA00A54AAA /* Supporting Files */ = {
			isa = PBXGroup;
			children = (
				181166681E6E9FEA00A54AAA /* main.m */,
			);
			name = "Supporting Files";
			sourceTree = "<group>";
		};
/* End PBXGroup section */

/* Begin PBXNativeTarget section */
		181166631E6E9FEA00A54AAA /* PBSwipeController */ = {
			isa = PBXNativeTarget;
			buildConfigurationList = 1811667B1E6E9FEB00A54AAA /* Build configuration list for PBXNativeTarget "PBSwipeController" */;
			buildPhases = (
				181166601E6E9FEA00A54AAA /* Sources */,
				181166611E6E9FEA00A54AAA /* Frameworks */,
				181166621E6E9FEA00A54AAA /* Resources */,
			);
			buildRules = (
			);
			dependencies = (
			);
			name = PBSwipeController;
			productName = PBSwipeController;
			productReference = 181166641E6E9FEA00A54AAA /* PBSwipeController.app */;
			productType = "com.apple.product-type.application";
		};
/* End PBXNativeTarget section */

/* Begin PBXProject section */
		1811665C1E6E9FEA00A54AAA /* Project object */ = {
			isa = PBXProject;
			attributes = {
				LastUpgradeCheck = 0820;
				ORGANIZATIONNAME = "Pankaj Bhardwaj";
				TargetAttributes = {
					181166631E6E9FEA00A54AAA = {
						CreatedOnToolsVersion = 8.2.1;
						ProvisioningStyle = Automatic;
					};
				};
			};
			buildConfigurationList = 1811665F1E6E9FEA00A54AAA /* Build configuration list for PBXProject "PBSwipeController" */;
			compatibilityVersion = "Xcode 3.2";
			developmentRegion = English;
			hasScannedForEncodings = 0;
			knownRegions = (
				en,
				Base,
			);
			mainGroup = 1811665B1E6E9FEA00A54AAA;
			productRefGroup = 181166651E6E9FEA00A54AAA /* Products */;
			projectDirPath = "";
			projectRoot = "";
			targets = (
				181166631E6E9FEA00A54AAA /* PBSwipeController */,
			);
		};
/* End PBXProject section */

/* Begin PBXResourcesBuildPhase section */
		181166621E6E9FEA00A54AAA /* Resources */ = {
			isa = PBXResourcesBuildPhase;
			buildActionMask = 2147483647;
			files = (
				181166771E6E9FEA00A54AAA /* LaunchScreen.storyboard in Resources */,
				181166741E6E9FEA00A54AAA /* Assets.xcassets in Resources */,
				181166721E6E9FEA00A54AAA /* Main.storyboard in Resources */,
				181166851E6EA06D00A54AAA /* ChildViewController.xib in Resources */,
			);
			runOnlyForDeploymentPostprocessing = 0;
		};
/* End PBXResourcesBuildPhase section */

/* Begin PBXSourcesBuildPhase section */
		181166601E6E9FEA00A54AAA /* Sources */ = {
			isa = PBXSourcesBuildPhase;
			buildActionMask = 2147483647;
			files = (
				181166801E6EA02D00A54AAA /* PBSwipeController.m in Sources */,
				1811666F1E6E9FEA00A54AAA /* ViewController.m in Sources */,
				181166841E6EA06D00A54AAA /* ChildViewController.m in Sources */,
				1811666C1E6E9FEA00A54AAA /* AppDelegate.m in Sources */,
				181166691E6E9FEA00A54AAA /* main.m in Sources */,
			);
			runOnlyForDeploymentPostprocessing = 0;
		};
/* End PBXSourcesBuildPhase section */

/* Begin PBXVariantGroup section */
		181166701E6E9FEA00A54AAA /* Main.storyboard */ = {
			isa = PBXVariantGroup;
			children = (
				181166711E6E9FEA00A54AAA /* Base */,
			);
			name = Main.storyboard;
			sourceTree = "<group>";
		};
		181166751E6E9FEA00A54AAA /* LaunchScreen.storyboard */ = {
			isa = PBXVariantGroup;
			children = (
				181166761E6E9FEA00A54AAA /* Base */,
			);
			name = LaunchScreen.storyboard;
			sourceTree = "<group>";
		};
/* End PBXVariantGroup section */

/* Begin XCBuildConfiguration section */
		181166791E6E9FEB00A54AAA /* Debug */ = {
			isa = XCBuildConfiguration;
			buildSettings = {
				ALWAYS_SEARCH_USER_PATHS = NO;
				CLANG_ANALYZER_NONNULL = YES;
				CLANG_CXX_LANGUAGE_STANDARD = "gnu++0x";
				CLANG_CXX_LIBRARY = "libc++";
				CLANG_ENABLE_MODULES = YES;
				CLANG_ENABLE_OBJC_ARC = YES;
				CLANG_WARN_BOOL_CONVERSION = YES;
				CLANG_WARN_CONSTANT_CONVERSION = YES;
				CLANG_WARN_DIRECT_OBJC_ISA_USAGE = YES_ERROR;
				CLANG_WARN_DOCUMENTATION_COMMENTS = YES;
				CLANG_WARN_EMPTY_BODY = YES;
				CLANG_WARN_ENUM_CONVERSION = YES;
				CLANG_WARN_INFINITE_RECURSION = YES;
				CLANG_WARN_INT_CONVERSION = YES;
				CLANG_WARN_OBJC_ROOT_CLASS = YES_ERROR;
				CLANG_WARN_SUSPICIOUS_MOVE = YES;
				CLANG_WARN_UNREACHABLE_CODE = YES;
				CLANG_WARN__DUPLICATE_METHOD_MATCH = YES;
				"CODE_SIGN_IDENTITY[sdk=iphoneos*]" = "iPhone Developer";
				COPY_PHASE_STRIP = NO;
				DEBUG_INFORMATION_FORMAT = dwarf;
				ENABLE_STRICT_OBJC_MSGSEND = YES;
				ENABLE_TESTABILITY = YES;
				GCC_C_LANGUAGE_STANDARD = gnu99;
				GCC_DYNAMIC_NO_PIC = NO;
				GCC_NO_COMMON_BLOCKS = YES;
				GCC_OPTIMIZATION_LEVEL = 0;
				GCC_PREPROCESSOR_DEFINITIONS = (
					"DEBUG=1",
					"$(inherited)",
				);
				GCC_WARN_64_TO_32_BIT_CONVERSION = YES;
				GCC_WARN_ABOUT_RETURN_TYPE = YES_ERROR;
				GCC_WARN_UNDECLARED_SELECTOR = YES;
				GCC_WARN_UNINITIALIZED_AUTOS = YES_AGGRESSIVE;
				GCC_WARN_UNUSED_FUNCTION = YES;
				GCC_WARN_UNUSED_VARIABLE = YES;
				IPHONEOS_DEPLOYMENT_TARGET = 10.2;
				MTL_ENABLE_DEBUG_INFO = YES;
				ONLY_ACTIVE_ARCH = YES;
				SDKROOT = iphoneos;
			};
			name = Debug;
		};
		1811667A1E6E9FEB00A54AAA /* Release */ = {
			isa = XCBuildConfiguration;
			buildSettings = {
				ALWAYS_SEARCH_USER_PATHS = NO;
				CLANG_ANALYZER_NONNULL = YES;
				CLANG_CXX_LANGUAGE_STANDARD = "gnu++0x";
				CLANG_CXX_LIBRARY = "libc++";
				CLANG_ENABLE_MODULES = YES;
				CLANG_ENABLE_OBJC_ARC = YES;
				CLANG_WARN_BOOL_CONVERSION = YES;
				CLANG_WARN_CONSTANT_CONVERSION = YES;
				CLANG_WARN_DIRECT_OBJC_ISA_USAGE = YES_ERROR;
				CLANG_WARN_DOCUMENTATION_COMMENTS = YES;
				CLANG_WARN_EMPTY_BODY = YES;
				CLANG_WARN_ENUM_CONVERSION = YES;
				CLANG_WARN_INFINITE_RECURSION = YES;
				CLANG_WARN_INT_CONVERSION = YES;
				CLANG_WARN_OBJC_ROOT_CLASS = YES_ERROR;
				CLANG_WARN_SUSPICIOUS_MOVE = YES;
				CLANG_WARN_UNREACHABLE_CODE = YES;
				CLANG_WARN__DUPLICATE_METHOD_MATCH = YES;
				"CODE_SIGN_IDENTITY[sdk=iphoneos*]" = "iPhone Developer";
				COPY_PHASE_STRIP = NO;
				DEBUG_INFORMATION_FORMAT = "dwarf-with-dsym";
				ENABLE_NS_ASSERTIONS = NO;
				ENABLE_STRICT_OBJC_MSGSEND = YES;
				GCC_C_LANGUAGE_STANDARD = gnu99;
				GCC_NO_COMMON_BLOCKS = YES;
				GCC_WARN_64_TO_32_BIT_CONVERSION = YES;
				GCC_WARN_ABOUT_RETURN_TYPE = YES_ERROR;
				GCC_WARN_UNDECLARED_SELECTOR = YES;
				GCC_WARN_UNINITIALIZED_AUTOS = YES_AGGRESSIVE;
				GCC_WARN_UNUSED_FUNCTION = YES;
				GCC_WARN_UNUSED_VARIABLE = YES;
				IPHONEOS_DEPLOYMENT_TARGET = 10.2;
				MTL_ENABLE_DEBUG_INFO = NO;
				SDKROOT = iphoneos;
				VALIDATE_PRODUCT = YES;
			};
			name = Release;
		};
		1811667C1E6E9FEB00A54AAA /* Debug */ = {
			isa = XCBuildConfiguration;
			buildSettings = {
				ASSETCATALOG_COMPILER_APPICON_NAME = AppIcon;
				INFOPLIST_FILE = PBSwipeController/Info.plist;
				LD_RUNPATH_SEARCH_PATHS = "$(inherited) @executable_path/Frameworks";
				PRODUCT_BUNDLE_IDENTIFIER = iossolutions.PBSwipeController;
				PRODUCT_NAME = "$(TARGET_NAME)";
			};
			name = Debug;
		};
		1811667D1E6E9FEB00A54AAA /* Release */ = {
			isa = XCBuildConfiguration;
			buildSettings = {
				ASSETCATALOG_COMPILER_APPICON_NAME = AppIcon;
				INFOPLIST_FILE = PBSwipeController/Info.plist;
				LD_RUNPATH_SEARCH_PATHS = "$(inherited) @executable_path/Frameworks";
				PRODUCT_BUNDLE_IDENTIFIER = iossolutions.PBSwipeController;
				PRODUCT_NAME = "$(TARGET_NAME)";
			};
			name = Release;
		};
/* End XCBuildConfiguration section */

/* Begin XCConfigurationList section */
		1811665F1E6E9FEA00A54AAA /* Build configuration list for PBXProject "PBSwipeController" */ = {
			isa = XCConfigurationList;
			buildConfigurations = (
				181166791E6E9FEB00A54AAA /* Debug */,
				1811667A1E6E9FEB00A54AAA /* Release */,
			);
			defaultConfigurationIsVisible = 0;
			defaultConfigurationName = Release;
		};
		1811667B1E6E9FEB00A54AAA /* Build configuration list for PBXNativeTarget "PBSwipeController" */ = {
			isa = XCConfigurationList;
			buildConfigurations = (
				1811667C1E6E9FEB00A54AAA /* Debug */,
				1811667D1E6E9FEB00A54AAA /* Release */,
			);
			defaultConfigurationIsVisible = 0;
		};
/* End XCConfigurationList section */
	};
	rootObject = 1811665C1E6E9FEA00A54AAA /* Project object */;
}
